version = 1
requires-python = ">=3.12"

[[package]]
name = "alembic"
version = "1.13.3"
source = { registry = "https://pypi.org/simple" }
dependencies = [
    { name = "mako" },
    { name = "sqlalchemy" },
    { name = "typing-extensions" },
]
sdist = { url = "https://files.pythonhosted.org/packages/94/a2/840c3b84382dce8624bc2f0ee67567fc74c32478d0c5a5aea981518c91c3/alembic-1.13.3.tar.gz", hash = "sha256:203503117415561e203aa14541740643a611f641517f0209fcae63e9fa09f1a2", size = 1921223 }
wheels = [
    { url = "https://files.pythonhosted.org/packages/c2/12/58f4f11385fddafef5d6f7bfaaf2f42899c8da6b4f95c04b7c3b744851a8/alembic-1.13.3-py3-none-any.whl", hash = "sha256:908e905976d15235fae59c9ac42c4c5b75cfcefe3d27c0fbf7ae15a37715d80e", size = 233217 },
]

[[package]]
name = "greenlet"
version = "3.1.0"
source = { registry = "https://pypi.org/simple" }
sdist = { url = "https://files.pythonhosted.org/packages/65/1b/3d91623c3eff61c11799e7f3d6c01f6bfa9bd2d1f0181116fd0b9b108a40/greenlet-3.1.0.tar.gz", hash = "sha256:b395121e9bbe8d02a750886f108d540abe66075e61e22f7353d9acb0b81be0f0", size = 183954 }
wheels = [
    { url = "https://files.pythonhosted.org/packages/58/a8/a54a8816187e55f42fa135419efe3a88a2749f75ed4169abc6bf300ce0a9/greenlet-3.1.0-cp312-cp312-macosx_11_0_universal2.whl", hash = "sha256:24fc216ec7c8be9becba8b64a98a78f9cd057fd2dc75ae952ca94ed8a893bf27", size = 270018 },
    { url = "https://files.pythonhosted.org/packages/89/dc/d2eaaefca5e295ec9cc09c958f7c3086582a6e1d93de31b780e420cbf6dc/greenlet-3.1.0-cp312-cp312-manylinux_2_17_aarch64.manylinux2014_aarch64.whl", hash = "sha256:3d07c28b85b350564bdff9f51c1c5007dfb2f389385d1bc23288de51134ca303", size = 662072 },
    { url = "https://files.pythonhosted.org/packages/e8/65/577971a48f06ebd2f759466b4c1c59cd4dc901ec43f1a775207430ad80b9/greenlet-3.1.0-cp312-cp312-manylinux_2_17_ppc64le.manylinux2014_ppc64le.whl", hash = "sha256:243a223c96a4246f8a30ea470c440fe9db1f5e444941ee3c3cd79df119b8eebf", size = 675375 },
    { url = "https://files.pythonhosted.org/packages/77/d5/489ee9a7a9bace162d99c52f347edc14ffa570fdf5684e95d9dc146ba1be/greenlet-3.1.0-cp312-cp312-manylinux_2_17_s390x.manylinux2014_s390x.whl", hash = "sha256:26811df4dc81271033a7836bc20d12cd30938e6bd2e9437f56fa03da81b0f8fc", size = 669947 },
    { url = "https://files.pythonhosted.org/packages/75/4a/c612e5688dbbce6873763642195d9902e04de43914fe415661fe3c435e1e/greenlet-3.1.0-cp312-cp312-manylinux_2_17_x86_64.manylinux2014_x86_64.whl", hash = "sha256:c9d86401550b09a55410f32ceb5fe7efcd998bd2dad9e82521713cb148a4a15f", size = 671632 },
    { url = "https://files.pythonhosted.org/packages/aa/67/12f51aa488d8778e1b8e9fcaeb25678524eda29a7a133a9263d6449fe011/greenlet-3.1.0-cp312-cp312-manylinux_2_24_x86_64.manylinux_2_28_x86_64.whl", hash = "sha256:26d9c1c4f1748ccac0bae1dbb465fb1a795a75aba8af8ca871503019f4285e2a", size = 626707 },
    { url = "https://files.pythonhosted.org/packages/fb/e8/9374e77fc204973d6d901c8bb2d7cb223e81513754874cbee6cc5c5fc0ba/greenlet-3.1.0-cp312-cp312-musllinux_1_1_aarch64.whl", hash = "sha256:cd468ec62257bb4544989402b19d795d2305eccb06cde5da0eb739b63dc04665", size = 1154076 },
    { url = "https://files.pythonhosted.org/packages/a2/90/912a1227a841d5df57d6dbe5730e049d5fd38c902c3940e45222360ca336/greenlet-3.1.0-cp312-cp312-musllinux_1_1_x86_64.whl", hash = "sha256:a53dfe8f82b715319e9953330fa5c8708b610d48b5c59f1316337302af5c0811", size = 1182665 },
    { url = "https://files.pythonhosted.org/packages/0d/20/89674b7d62a19138b3352f6080f2ff3e1ee4a298b29bb793746423d0b908/greenlet-3.1.0-cp312-cp312-win_amd64.whl", hash = "sha256:28fe80a3eb673b2d5cc3b12eea468a5e5f4603c26aa34d88bf61bba82ceb2f9b", size = 294647 },
    { url = "https://files.pythonhosted.org/packages/f9/5f/fb128714bbd96614d570fff1d91bbef7a49345bea183e9ea19bdcda1f235/greenlet-3.1.0-cp313-cp313-macosx_11_0_universal2.whl", hash = "sha256:76b3e3976d2a452cba7aa9e453498ac72240d43030fdc6d538a72b87eaff52fd", size = 268913 },
    { url = "https://files.pythonhosted.org/packages/cc/d2/460d00a72720a8798815d29cc4281b72103910017ca2d560a12f801b2138/greenlet-3.1.0-cp313-cp313-manylinux_2_17_aarch64.manylinux2014_aarch64.whl", hash = "sha256:655b21ffd37a96b1e78cc48bf254f5ea4b5b85efaf9e9e2a526b3c9309d660ca", size = 662715 },
    { url = "https://files.pythonhosted.org/packages/86/01/852b8c516b35ef2b16812655612092e02608ea79de7e79fde841cfcdbae4/greenlet-3.1.0-cp313-cp313-manylinux_2_17_ppc64le.manylinux2014_ppc64le.whl", hash = "sha256:c6f4c2027689093775fd58ca2388d58789009116844432d920e9147f91acbe64", size = 675985 },
    { url = "https://files.pythonhosted.org/packages/eb/9b/39930fdefa5dab2511ed813a6764458980e04e10c8c3560862fb2f340128/greenlet-3.1.0-cp313-cp313-manylinux_2_17_s390x.manylinux2014_s390x.whl", hash = "sha256:76e5064fd8e94c3f74d9fd69b02d99e3cdb8fc286ed49a1f10b256e59d0d3a0b", size = 670880 },
    { url = "https://files.pythonhosted.org/packages/66/49/de46b2da577000044e7f5ab514021bbc48a0b0c6dd7af2da9732db36c584/greenlet-3.1.0-cp313-cp313-manylinux_2_17_x86_64.manylinux2014_x86_64.whl", hash = "sha256:6a4bf607f690f7987ab3291406e012cd8591a4f77aa54f29b890f9c331e84989", size = 672944 },
    { url = "https://files.pythonhosted.org/packages/af/c1/abccddcb2ec07538b6ee1fa30999a239a1ec807109a8dc069e55288df636/greenlet-3.1.0-cp313-cp313-manylinux_2_24_x86_64.manylinux_2_28_x86_64.whl", hash = "sha256:037d9ac99540ace9424cb9ea89f0accfaff4316f149520b4ae293eebc5bded17", size = 629493 },
    { url = "https://files.pythonhosted.org/packages/c1/e8/30c84a3c639691f6c00b04575abd474d94d404a9ad686e60ba0c17c797d0/greenlet-3.1.0-cp313-cp313-musllinux_1_1_aarch64.whl", hash = "sha256:90b5bbf05fe3d3ef697103850c2ce3374558f6fe40fd57c9fac1bf14903f50a5", size = 1150524 },
    { url = "https://files.pythonhosted.org/packages/f7/ed/f25832e30a54a92fa13ab94a206f2ea296306acdf5f6a48f88bbb41a6e44/greenlet-3.1.0-cp313-cp313-musllinux_1_1_x86_64.whl", hash = "sha256:726377bd60081172685c0ff46afbc600d064f01053190e4450857483c4d44484", size = 1180196 },
    { url = "https://files.pythonhosted.org/packages/87/b0/ac381b73c9b9e2cb55970b9a5842ff5b6bc83a7f23aedd3dded1589f0039/greenlet-3.1.0-cp313-cp313-win_amd64.whl", hash = "sha256:d46d5069e2eeda111d6f71970e341f4bd9aeeee92074e649ae263b834286ecc0", size = 294593 },
]

[[package]]
name = "learning-sqla"
version = "0.1.0"
source = { virtual = "." }
dependencies = [
    { name = "sqlalchemy" },
]

[package.dev-dependencies]
dev = [
    { name = "alembic" },
]

[package.metadata]
requires-dist = [{ name = "sqlalchemy", specifier = ">=2.0.34" }]

[package.metadata.requires-dev]
dev = [{ name = "alembic", specifier = ">=1.13.3" }]

[[package]]
name = "mako"
version = "1.3.5"
source = { registry = "https://pypi.org/simple" }
dependencies = [
    { name = "markupsafe" },
]
sdist = { url = "https://files.pythonhosted.org/packages/67/03/fb5ba97ff65ce64f6d35b582aacffc26b693a98053fa831ab43a437cbddb/Mako-1.3.5.tar.gz", hash = "sha256:48dbc20568c1d276a2698b36d968fa76161bf127194907ea6fc594fa81f943bc", size = 392738 }
wheels = [
    { url = "https://files.pythonhosted.org/packages/03/62/70f5a0c2dd208f9f3f2f9afd103aec42ee4d9ad2401d78342f75e9b8da36/Mako-1.3.5-py3-none-any.whl", hash = "sha256:260f1dbc3a519453a9c856dedfe4beb4e50bd5a26d96386cb6c80856556bb91a", size = 78565 },
]

[[package]]
name = "markupsafe"
version = "2.1.5"
source = { registry = "https://pypi.org/simple" }
sdist = { url = "https://files.pythonhosted.org/packages/87/5b/aae44c6655f3801e81aa3eef09dbbf012431987ba564d7231722f68df02d/MarkupSafe-2.1.5.tar.gz", hash = "sha256:d283d37a890ba4c1ae73ffadf8046435c76e7bc2247bbb63c00bd1a709c6544b", size = 19384 }
wheels = [
    { url = "https://files.pythonhosted.org/packages/53/bd/583bf3e4c8d6a321938c13f49d44024dbe5ed63e0a7ba127e454a66da974/MarkupSafe-2.1.5-cp312-cp312-macosx_10_9_universal2.whl", hash = "sha256:8dec4936e9c3100156f8a2dc89c4b88d5c435175ff03413b443469c7c8c5f4d1", size = 18215 },
    { url = "https://files.pythonhosted.org/packages/48/d6/e7cd795fc710292c3af3a06d80868ce4b02bfbbf370b7cee11d282815a2a/MarkupSafe-2.1.5-cp312-cp312-macosx_10_9_x86_64.whl", hash = "sha256:3c6b973f22eb18a789b1460b4b91bf04ae3f0c4234a0a6aa6b0a92f6f7b951d4", size = 14069 },
    { url = "https://files.pythonhosted.org/packages/51/b5/5d8ec796e2a08fc814a2c7d2584b55f889a55cf17dd1a90f2beb70744e5c/MarkupSafe-2.1.5-cp312-cp312-manylinux_2_17_aarch64.manylinux2014_aarch64.whl", hash = "sha256:ac07bad82163452a6884fe8fa0963fb98c2346ba78d779ec06bd7a6262132aee", size = 29452 },
    { url = "https://files.pythonhosted.org/packages/0a/0d/2454f072fae3b5a137c119abf15465d1771319dfe9e4acbb31722a0fff91/MarkupSafe-2.1.5-cp312-cp312-manylinux_2_17_x86_64.manylinux2014_x86_64.whl", hash = "sha256:f5dfb42c4604dddc8e4305050aa6deb084540643ed5804d7455b5df8fe16f5e5", size = 28462 },
    { url = "https://files.pythonhosted.org/packages/2d/75/fd6cb2e68780f72d47e6671840ca517bda5ef663d30ada7616b0462ad1e3/MarkupSafe-2.1.5-cp312-cp312-manylinux_2_5_i686.manylinux1_i686.manylinux_2_17_i686.manylinux2014_i686.whl", hash = "sha256:ea3d8a3d18833cf4304cd2fc9cbb1efe188ca9b5efef2bdac7adc20594a0e46b", size = 27869 },
    { url = "https://files.pythonhosted.org/packages/b0/81/147c477391c2750e8fc7705829f7351cf1cd3be64406edcf900dc633feb2/MarkupSafe-2.1.5-cp312-cp312-musllinux_1_1_aarch64.whl", hash = "sha256:d050b3361367a06d752db6ead6e7edeb0009be66bc3bae0ee9d97fb326badc2a", size = 33906 },
    { url = "https://files.pythonhosted.org/packages/8b/ff/9a52b71839d7a256b563e85d11050e307121000dcebc97df120176b3ad93/MarkupSafe-2.1.5-cp312-cp312-musllinux_1_1_i686.whl", hash = "sha256:bec0a414d016ac1a18862a519e54b2fd0fc8bbfd6890376898a6c0891dd82e9f", size = 32296 },
    { url = "https://files.pythonhosted.org/packages/88/07/2dc76aa51b481eb96a4c3198894f38b480490e834479611a4053fbf08623/MarkupSafe-2.1.5-cp312-cp312-musllinux_1_1_x86_64.whl", hash = "sha256:58c98fee265677f63a4385256a6d7683ab1832f3ddd1e66fe948d5880c21a169", size = 33038 },
    { url = "https://files.pythonhosted.org/packages/96/0c/620c1fb3661858c0e37eb3cbffd8c6f732a67cd97296f725789679801b31/MarkupSafe-2.1.5-cp312-cp312-win32.whl", hash = "sha256:8590b4ae07a35970728874632fed7bd57b26b0102df2d2b233b6d9d82f6c62ad", size = 16572 },
    { url = "https://files.pythonhosted.org/packages/3f/14/c3554d512d5f9100a95e737502f4a2323a1959f6d0d01e0d0997b35f7b10/MarkupSafe-2.1.5-cp312-cp312-win_amd64.whl", hash = "sha256:823b65d8706e32ad2df51ed89496147a42a2a6e01c13cfb6ffb8b1e92bc910bb", size = 17127 },
]

[[package]]
name = "sqlalchemy"
version = "2.0.34"
source = { registry = "https://pypi.org/simple" }
dependencies = [
    { name = "greenlet", marker = "(python_full_version < '3.13' and platform_machine == 'AMD64') or (python_full_version < '3.13' and platform_machine == 'WIN32') or (python_full_version < '3.13' and platform_machine == 'aarch64') or (python_full_version < '3.13' and platform_machine == 'amd64') or (python_full_version < '3.13' and platform_machine == 'ppc64le') or (python_full_version < '3.13' and platform_machine == 'win32') or (python_full_version < '3.13' and platform_machine == 'x86_64')" },
    { name = "typing-extensions" },
]
sdist = { url = "https://files.pythonhosted.org/packages/90/fa/ca0fdd7b6b0cf53a8237a8ee7e487f8be16e4a2ee6d840d6e8e105cd9c86/sqlalchemy-2.0.34.tar.gz", hash = "sha256:10d8f36990dd929690666679b0f42235c159a7051534adb135728ee52828dd22", size = 9556527 }
wheels = [
    { url = "https://files.pythonhosted.org/packages/f9/76/62eb5c62593d6d351f17202aa532f17b91c51b1b04e24a3a97530cb6118e/SQLAlchemy-2.0.34-cp312-cp312-macosx_10_9_x86_64.whl", hash = "sha256:53e68b091492c8ed2bd0141e00ad3089bcc6bf0e6ec4142ad6505b4afe64163e", size = 2089191 },
    { url = "https://files.pythonhosted.org/packages/8a/7c/d43a14aef45bcb196f017ba2783eb3e42dd4c65c43be8b9f29bb5ec7d131/SQLAlchemy-2.0.34-cp312-cp312-macosx_11_0_arm64.whl", hash = "sha256:bcd18441a49499bf5528deaa9dee1f5c01ca491fc2791b13604e8f972877f812", size = 2079662 },
    { url = "https://files.pythonhosted.org/packages/b7/25/ec59e5d3643d49d57ae59a62b6e5b3da39344617ce249f2561bfb4ac0458/SQLAlchemy-2.0.34-cp312-cp312-manylinux_2_17_aarch64.manylinux2014_aarch64.whl", hash = "sha256:165bbe0b376541092bf49542bd9827b048357f4623486096fc9aaa6d4e7c59a2", size = 3229161 },
    { url = "https://files.pythonhosted.org/packages/fd/2e/e6129761dd5588a5623c6051c31e45935b72a5b17ed87b209e39a0b2a25c/SQLAlchemy-2.0.34-cp312-cp312-manylinux_2_17_x86_64.manylinux2014_x86_64.whl", hash = "sha256:c3330415cd387d2b88600e8e26b510d0370db9b7eaf984354a43e19c40df2e2b", size = 3240054 },
    { url = "https://files.pythonhosted.org/packages/70/08/4f994445215d7932bf2a490570fef9a5d1ba42cdf1cc9c48a6f7f04d1cfc/SQLAlchemy-2.0.34-cp312-cp312-musllinux_1_2_aarch64.whl", hash = "sha256:97b850f73f8abbffb66ccbab6e55a195a0eb655e5dc74624d15cff4bfb35bd74", size = 3175538 },
    { url = "https://files.pythonhosted.org/packages/5e/19/4d4cc024cd7d50e25bf1c1ba61974b2b6e2fab8ea22f1569c47380b34e95/SQLAlchemy-2.0.34-cp312-cp312-musllinux_1_2_x86_64.whl", hash = "sha256:7cee4c6917857fd6121ed84f56d1dc78eb1d0e87f845ab5a568aba73e78adf83", size = 3202149 },
    { url = "https://files.pythonhosted.org/packages/87/02/7ada4b6bfd5421aa7d65bd0ee9d76acc15b53ae26378b2ab8bba1ba3f78f/SQLAlchemy-2.0.34-cp312-cp312-win32.whl", hash = "sha256:fbb034f565ecbe6c530dff948239377ba859420d146d5f62f0271407ffb8c580", size = 2059547 },
    { url = "https://files.pythonhosted.org/packages/ad/fc/d1315ddb8529c768789954350268cd53167747649ddb709517c5e0a15c7e/SQLAlchemy-2.0.34-cp312-cp312-win_amd64.whl", hash = "sha256:707c8f44931a4facd4149b52b75b80544a8d824162602b8cd2fe788207307f9a", size = 2085274 },
    { url = "https://files.pythonhosted.org/packages/09/14/5c9b872fba29ccedeb905d0a5c203ad86287b8bb1bb8eda96bfe8a05f65b/SQLAlchemy-2.0.34-py3-none-any.whl", hash = "sha256:7286c353ee6475613d8beff83167374006c6b3e3f0e6491bfe8ca610eb1dec0f", size = 1880671 },
]

[[package]]
name = "typing-extensions"
version = "4.12.2"
source = { registry = "https://pypi.org/simple" }
sdist = { url = "https://files.pythonhosted.org/packages/df/db/f35a00659bc03fec321ba8bce9420de607a1d37f8342eee1863174c69557/typing_extensions-4.12.2.tar.gz", hash = "sha256:1a7ead55c7e559dd4dee8856e3a88b41225abfe1ce8df57b7c13915fe121ffb8", size = 85321 }
wheels = [
    { url = "https://files.pythonhosted.org/packages/26/9f/ad63fc0248c5379346306f8668cda6e2e2e9c95e01216d2b8ffd9ff037d0/typing_extensions-4.12.2-py3-none-any.whl", hash = "sha256:04e5ca0351e0f3f85c6853954072df659d0d13fac324d0072316b67d7794700d", size = 37438 },
]
